
Microsoft Visual Studio Solution File, Format Version 12.00
# Visual Studio Version 17
VisualStudioVersion = 17.9.34723.18
MinimumVisualStudioVersion = 10.0.40219.1
Project("{FAE04EC0-301F-11D3-BF4B-00C04F79EFBC}") = "SpaceInvaders", "SpaceInvaders\SpaceInvaders.csproj", "{DBA9FFE6-98CA-4C93-9617-67F8717A2A86}"
EndProject
Global
	GlobalSection(SolutionConfigurationPlatforms) = preSolution
		Debug|Any CPU = Debug|Any CPU
		Release|Any CPU = Release|Any CPU
	EndGlobalSection
	GlobalSection(ProjectConfigurationPlatforms) = postSolution
		{DBA9FFE6-98CA-4C93-9617-67F8717A2A86}.Debug|Any CPU.ActiveCfg = Debug|Any CPU
		{DBA9FFE6-98CA-4C93-9617-67F8717A2A86}.Debug|Any CPU.Build.0 = Debug|Any CPU
		{DBA9FFE6-98CA-4C93-9617-67F8717A2A86}.Release|Any CPU.ActiveCfg = Release|Any CPU
		{DBA9FFE6-98CA-4C93-9617-67F8717A2A86}.Release|Any CPU.Build.0 = Release|Any CPU
	EndGlobalSection
	GlobalSection(SolutionProperties) = preSolution
		HideSolutionNode = FALSE
	EndGlobalSection
	GlobalSection(ExtensibilityGlobals) = postSolution
		SolutionGuid = {B019535E-4B12-4AD1-8723-9B0CA9861D16}
	EndGlobalSection
EndGlobal
